
Microsoft Visual Studio Solution File, Format Version 12.00
# Visual Studio Version 16
VisualStudioVersion = 16.0.30104.148
MinimumVisualStudioVersion = 10.0.40219.1
Project("{FAE04EC0-301F-11D3-BF4B-00C04F79EFBC}") = "PaletteSwapper", "PaletteSwapper\PaletteSwapper.csproj", "{7EBFA14B-C2F2-4364-8E61-B64987EFEE1E}"
EndProject
Global
	GlobalSection(SolutionConfigurationPlatforms) = preSolution
		Debug|Any CPU = Debug|Any CPU
		Release|Any CPU = Release|Any CPU
	EndGlobalSection
	GlobalSection(ProjectConfigurationPlatforms) = postSolution
		{7EBFA14B-C2F2-4364-8E61-B64987EFEE1E}.Debug|Any CPU.ActiveCfg = Debug|Any CPU
		{7EBFA14B-C2F2-4364-8E61-B64987EFEE1E}.Debug|Any CPU.Build.0 = Debug|Any CPU
		{7EBFA14B-C2F2-4364-8E61-B64987EFEE1E}.Release|Any CPU.ActiveCfg = Release|Any CPU
		{7EBFA14B-C2F2-4364-8E61-B64987EFEE1E}.Release|Any CPU.Build.0 = Release|Any CPU
	EndGlobalSection
	GlobalSection(SolutionProperties) = preSolution
		HideSolutionNode = FALSE
	EndGlobalSection
	GlobalSection(ExtensibilityGlobals) = postSolution
		SolutionGuid = {1D4F9E1A-B8E3-482B-9197-70DA4FBC3DEF}
	EndGlobalSection
EndGlobal
